
Microsoft Visual Studio Solution File, Format Version 12.00
# Visual Studio Version 16
VisualStudioVersion = 16.0.29215.179
MinimumVisualStudioVersion = 10.0.40219.1
Project("{FAE04EC0-301F-11D3-BF4B-00C04F79EFBC}") = "juvel.Domain", "domain\juvel.Domain.csproj", "{D44DA984-9472-453F-9244-DF19300C42A7}"
EndProject
Project("{FAE04EC0-301F-11D3-BF4B-00C04F79EFBC}") = "juvel.WebUI", "webUI\juvel.WebUI.csproj", "{4D0B842B-1BD0-4BE4-A88B-133C9F0E9403}"
EndProject
Project("{FAE04EC0-301F-11D3-BF4B-00C04F79EFBC}") = "juvel.UnitTestProject", "UnitTestProject\juvel.UnitTestProject.csproj", "{CFCAC71C-0665-4546-9744-E2ADCBF5B7E2}"
EndProject
Global
	GlobalSection(SolutionConfigurationPlatforms) = preSolution
		Debug|Any CPU = Debug|Any CPU
		Release|Any CPU = Release|Any CPU
	EndGlobalSection
	GlobalSection(ProjectConfigurationPlatforms) = postSolution
		{D44DA984-9472-453F-9244-DF19300C42A7}.Debug|Any CPU.ActiveCfg = Debug|Any CPU
		{D44DA984-9472-453F-9244-DF19300C42A7}.Debug|Any CPU.Build.0 = Debug|Any CPU
		{D44DA984-9472-453F-9244-DF19300C42A7}.Release|Any CPU.ActiveCfg = Release|Any CPU
		{D44DA984-9472-453F-9244-DF19300C42A7}.Release|Any CPU.Build.0 = Release|Any CPU
		{4D0B842B-1BD0-4BE4-A88B-133C9F0E9403}.Debug|Any CPU.ActiveCfg = Debug|Any CPU
		{4D0B842B-1BD0-4BE4-A88B-133C9F0E9403}.Debug|Any CPU.Build.0 = Debug|Any CPU
		{4D0B842B-1BD0-4BE4-A88B-133C9F0E9403}.Release|Any CPU.ActiveCfg = Release|Any CPU
		{4D0B842B-1BD0-4BE4-A88B-133C9F0E9403}.Release|Any CPU.Build.0 = Release|Any CPU
		{CFCAC71C-0665-4546-9744-E2ADCBF5B7E2}.Debug|Any CPU.ActiveCfg = Debug|Any CPU
		{CFCAC71C-0665-4546-9744-E2ADCBF5B7E2}.Debug|Any CPU.Build.0 = Debug|Any CPU
		{CFCAC71C-0665-4546-9744-E2ADCBF5B7E2}.Release|Any CPU.ActiveCfg = Release|Any CPU
		{CFCAC71C-0665-4546-9744-E2ADCBF5B7E2}.Release|Any CPU.Build.0 = Release|Any CPU
	EndGlobalSection
	GlobalSection(SolutionProperties) = preSolution
		HideSolutionNode = FALSE
	EndGlobalSection
	GlobalSection(ExtensibilityGlobals) = postSolution
		SolutionGuid = {6B14CEA7-EACD-42CB-BD8F-E614B84B4119}
	EndGlobalSection
EndGlobal
